{
    "_readme": [
        "This file locks the dependencies of your project to a known state",
        "Read more about it at https://getcomposer.org/doc/01-basic-usage.md#installing-dependencies",
        "This file is @generated automatically"
    ],
    "content-hash": "a1fd88e2bc5ffcf91b30c3ac2c2d15eb",
    "packages": [
        {
            "name": "kiwilan/php-archive",
            "version": "2.3.02",
            "source": {
                "type": "git",
                "url": "https://github.com/kiwilan/php-archive.git",
                "reference": "2e202603396a620720aad676c4037eebc0443090"
            },
            "dist": {
                "type": "zip",
                "url": "https://api.github.com/repos/kiwilan/php-archive/zipball/2e202603396a620720aad676c4037eebc0443090",
                "reference": "2e202603396a620720aad676c4037eebc0443090",
                "shasum": ""
            },
            "require": {
                "php": "^8.1",
                "smalot/pdfparser": "^2.4",
                "spatie/temporary-directory": "^2.1"
            },
            "require-dev": {
                "laravel/pint": "^1.6",
                "pestphp/pest": "^2.0",
                "phpstan/phpstan": "^1.10",
                "spatie/ray": "^1.28"
            },
            "suggest": {
                "ext-imagick": "*",
                "ext-rar": "*"
            },
            "type": "library",
            "autoload": {
                "psr-4": {
                    "Kiwilan\\Archive\\": "src"
                }
            },
            "notification-url": "https://packagist.org/downloads/",
            "license": [
                "MIT"
            ],
            "authors": [
                {
                    "name": "Ewilan Rivière",
                    "email": "ewilan.riviere@gmail.com",
                    "role": "Developer"
                }
            ],
            "description": "PHP package to handle archives (.zip, .rar, .tar, .7z, .pdf) with unified API and hybrid solution (native/p7zip), designed to works with EPUB and CBA (.cbz, .cbr, .cb7, .cbt).",
            "homepage": "https://github.com/kiwilan/php-archive",
            "keywords": [
                "7z",
                "7zip",
                "archive",
                "cb7",
                "cbr",
                "cbt",
                "cbz",
                "ebook",
                "epub",
                "pdf",
                "php",
                "rar",
                "tar",
                "zip"
            ],
            "support": {
                "issues": "https://github.com/kiwilan/php-archive/issues",
                "source": "https://github.com/kiwilan/php-archive/tree/v2.3.02"
            },
            "funding": [
                {
                    "url": "https://github.com/kiwilan",
                    "type": "github"
                }
            ],
            "time": "2025-08-31T13:13:38+00:00"
        },
        {
            "name": "kiwilan/php-ebook",
            "version": "3.0.09",
            "source": {
                "type": "git",
                "url": "https://github.com/kiwilan/php-ebook.git",
                "reference": "ddc5223f1ecc31a220369b3996a9202dbef875f4"
            },
            "dist": {
                "type": "zip",
                "url": "https://api.github.com/repos/kiwilan/php-ebook/zipball/ddc5223f1ecc31a220369b3996a9202dbef875f4",
                "reference": "ddc5223f1ecc31a220369b3996a9202dbef875f4",
                "shasum": ""
            },
            "require": {
                "kiwilan/php-archive": "^2.3.02",
                "kiwilan/php-xml-reader": "^1.1.0",
                "php": "^8.1"
            },
            "require-dev": {
                "illuminate/support": "^9.0 || ^10.0 || ^11.0 || ^12.0",
                "kiwilan/php-audio": "^4.0.01",
                "laravel/pint": "^1.7",
                "pestphp/pest": "^2.0",
                "phpstan/phpstan": "^1.10",
                "spatie/ray": "^1.28"
            },
            "type": "library",
            "autoload": {
                "psr-4": {
                    "Kiwilan\\Ebook\\": "src"
                }
            },
            "notification-url": "https://packagist.org/downloads/",
            "license": [
                "MIT"
            ],
            "authors": [
                {
                    "name": "Ewilan Rivière",
                    "email": "ewilan.riviere@gmail.com",
                    "role": "Developer"
                }
            ],
            "description": "PHP package to read metadata and extract covers from eBooks, comics and audiobooks.",
            "homepage": "https://github.com/kiwilan/php-ebook",
            "keywords": [
                "CBA",
                "audiobook",
                "azw",
                "azw3",
                "book",
                "calibre",
                "cb7",
                "cbam",
                "cbr",
                "cbt",
                "cbz",
                "comic",
                "comicinfo",
                "cover",
                "ebook",
                "epub",
                "epub2",
                "epub3",
                "fb2",
                "metadata",
                "mobi",
                "opf",
                "pdf",
                "php"
            ],
            "support": {
                "issues": "https://github.com/kiwilan/php-ebook/issues",
                "source": "https://github.com/kiwilan/php-ebook/tree/v3.0.09"
            },
            "funding": [
                {
                    "url": "https://github.com/kiwilan",
                    "type": "github"
                }
            ],
            "time": "2025-08-31T14:21:46+00:00"
        },
        {
            "name": "kiwilan/php-xml-reader",
            "version": "1.1.0",
            "source": {
                "type": "git",
                "url": "https://github.com/kiwilan/php-xml-reader.git",
                "reference": "f7848a5e3dec0c4fd1814c9d5d71219867bd2273"
            },
            "dist": {
                "type": "zip",
                "url": "https://api.github.com/repos/kiwilan/php-xml-reader/zipball/f7848a5e3dec0c4fd1814c9d5d71219867bd2273",
                "reference": "f7848a5e3dec0c4fd1814c9d5d71219867bd2273",
                "shasum": ""
            },
            "require": {
                "php": "^8.0"
            },
            "require-dev": {
                "laravel/pint": "^1.2",
                "pestphp/pest": "^1.20",
                "phpstan/phpstan": "^1.10",
                "spatie/ray": "^1.28"
            },
            "type": "library",
            "autoload": {
                "psr-4": {
                    "Kiwilan\\XmlReader\\": "src"
                }
            },
            "notification-url": "https://packagist.org/downloads/",
            "license": [
                "MIT"
            ],
            "authors": [
                {
                    "name": "Ewilan Rivière",
                    "email": "ewilan.riviere@gmail.com",
                    "role": "Developer"
                }
            ],
            "description": "PHP package to read XML with nice API.",
            "homepage": "https://github.com/kiwilan/php-xml-reader",
            "keywords": [
                "php",
                "xml"
            ],
            "support": {
                "issues": "https://github.com/kiwilan/php-xml-reader/issues",
                "source": "https://github.com/kiwilan/php-xml-reader/tree/v1.1.0"
            },
            "funding": [
                {
                    "url": "https://github.com/kiwilan",
                    "type": "github"
                }
            ],
            "time": "2024-10-03T17:34:14+00:00"
        },
        {
            "name": "smalot/pdfparser",
            "version": "v2.12.3",
            "source": {
                "type": "git",
                "url": "https://github.com/smalot/pdfparser.git",
                "reference": "61c9bcafcb92899b76d8ebda6508267bae77e264"
            },
            "dist": {
                "type": "zip",
                "url": "https://api.github.com/repos/smalot/pdfparser/zipball/61c9bcafcb92899b76d8ebda6508267bae77e264",
                "reference": "61c9bcafcb92899b76d8ebda6508267bae77e264",
                "shasum": ""
            },
            "require": {
                "ext-iconv": "*",
                "ext-zlib": "*",
                "php": ">=7.1",
                "symfony/polyfill-mbstring": "^1.18"
            },
            "type": "library",
            "autoload": {
                "psr-0": {
                    "Smalot\\PdfParser\\": "src/"
                }
            },
            "notification-url": "https://packagist.org/downloads/",
            "license": [
                "LGPL-3.0"
            ],
            "authors": [
                {
                    "name": "Sebastien MALOT",
                    "email": "sebastien@malot.fr"
                }
            ],
            "description": "Pdf parser library. Can read and extract information from pdf file.",
            "homepage": "https://www.pdfparser.org",
            "keywords": [
                "extract",
                "parse",
                "parser",
                "pdf",
                "text"
            ],
            "support": {
                "issues": "https://github.com/smalot/pdfparser/issues",
                "source": "https://github.com/smalot/pdfparser/tree/v2.12.3"
            },
            "time": "2026-01-08T08:04:04+00:00"
        },
        {
            "name": "spatie/temporary-directory",
            "version": "2.3.1",
            "source": {
                "type": "git",
                "url": "https://github.com/spatie/temporary-directory.git",
                "reference": "662e481d6ec07ef29fd05010433428851a42cd07"
            },
            "dist": {
                "type": "zip",
                "url": "https://api.github.com/repos/spatie/temporary-directory/zipball/662e481d6ec07ef29fd05010433428851a42cd07",
                "reference": "662e481d6ec07ef29fd05010433428851a42cd07",
                "shasum": ""
            },
            "require": {
                "php": "^8.0"
            },
            "require-dev": {
                "phpunit/phpunit": "^9.5"
            },
            "type": "library",
            "autoload": {
                "psr-4": {
                    "Spatie\\TemporaryDirectory\\": "src"
                }
            },
            "notification-url": "https://packagist.org/downloads/",
            "license": [
                "MIT"
            ],
            "authors": [
                {
                    "name": "Alex Vanderbist",
                    "email": "alex@spatie.be",
                    "homepage": "https://spatie.be",
                    "role": "Developer"
                }
            ],
            "description": "Easily create, use and destroy temporary directories",
            "homepage": "https://github.com/spatie/temporary-directory",
            "keywords": [
                "php",
                "spatie",
                "temporary-directory"
            ],
            "support": {
                "issues": "https://github.com/spatie/temporary-directory/issues",
                "source": "https://github.com/spatie/temporary-directory/tree/2.3.1"
            },
            "funding": [
                {
                    "url": "https://spatie.be/open-source/support-us",
                    "type": "custom"
                },
                {
                    "url": "https://github.com/spatie",
                    "type": "github"
                }
            ],
            "time": "2026-01-12T07:42:22+00:00"
        },
        {
            "name": "symfony/polyfill-mbstring",
            "version": "v1.33.0",
            "source": {
                "type": "git",
                "url": "https://github.com/symfony/polyfill-mbstring.git",
                "reference": "6d857f4d76bd4b343eac26d6b539585d2bc56493"
            },
            "dist": {
                "type": "zip",
                "url": "https://api.github.com/repos/symfony/polyfill-mbstring/zipball/6d857f4d76bd4b343eac26d6b539585d2bc56493",
                "reference": "6d857f4d76bd4b343eac26d6b539585d2bc56493",
                "shasum": ""
            },
            "require": {
                "ext-iconv": "*",
                "php": ">=7.2"
            },
            "provide": {
                "ext-mbstring": "*"
            },
            "suggest": {
                "ext-mbstring": "For best performance"
            },
            "type": "library",
            "extra": {
                "thanks": {
                    "url": "https://github.com/symfony/polyfill",
                    "name": "symfony/polyfill"
                }
            },
            "autoload": {
                "files": [
                    "bootstrap.php"
                ],
                "psr-4": {
                    "Symfony\\Polyfill\\Mbstring\\": ""
                }
            },
            "notification-url": "https://packagist.org/downloads/",
            "license": [
                "MIT"
            ],
            "authors": [
                {
                    "name": "Nicolas Grekas",
                    "email": "p@tchwork.com"
                },
                {
                    "name": "Symfony Community",
                    "homepage": "https://symfony.com/contributors"
                }
            ],
            "description": "Symfony polyfill for the Mbstring extension",
            "homepage": "https://symfony.com",
            "keywords": [
                "compatibility",
                "mbstring",
                "polyfill",
                "portable",
                "shim"
            ],
            "support": {
                "source": "https://github.com/symfony/polyfill-mbstring/tree/v1.33.0"
            },
            "funding": [
                {
                    "url": "https://symfony.com/sponsor",
                    "type": "custom"
                },
                {
                    "url": "https://github.com/fabpot",
                    "type": "github"
                },
                {
                    "url": "https://github.com/nicolas-grekas",
                    "type": "github"
                },
                {
                    "url": "https://tidelift.com/funding/github/packagist/symfony/symfony",
                    "type": "tidelift"
                }
            ],
            "time": "2024-12-23T08:48:59+00:00"
        },
        {
            "name": "wallabag/php-mobi",
            "version": "1.1.1",
            "source": {
                "type": "git",
                "url": "https://github.com/wallabag/php-mobi.git",
                "reference": "e725dd27e2d15830a54da27bab08ccef816890aa"
            },
            "dist": {
                "type": "zip",
                "url": "https://api.github.com/repos/wallabag/php-mobi/zipball/e725dd27e2d15830a54da27bab08ccef816890aa",
                "reference": "e725dd27e2d15830a54da27bab08ccef816890aa",
                "shasum": ""
            },
            "require": {
                "php": ">=5.3.0",
                "symfony/polyfill-mbstring": "^1.12"
            },
            "type": "library",
            "autoload": {
                "files": [
                    "MOBIClass/MOBI.php"
                ]
            },
            "notification-url": "https://packagist.org/downloads/",
            "license": [
                "Apache-2.0"
            ],
            "authors": [
                {
                    "name": "Sander Kromwijk",
                    "email": "s.kromwijk@gmail.co",
                    "role": "Original developer"
                },
                {
                    "name": "Nicolas Lœuillet",
                    "email": "nicolas@loeuillet.org",
                    "homepage": "http://www.cdetc.fr"
                }
            ],
            "description": "A Mobipocket file (.mobi) creator in PHP.",
            "homepage": "https://github.com/wallabag/php-mobi",
            "support": {
                "issues": "https://github.com/wallabag/php-mobi/issues",
                "source": "https://github.com/wallabag/php-mobi/tree/1.1.1"
            },
            "abandoned": true,
            "time": "2022-03-22T10:25:12+00:00"
        }
    ],
    "packages-dev": [],
    "aliases": [],
    "minimum-stability": "stable",
    "stability-flags": {},
    "prefer-stable": false,
    "prefer-lowest": false,
    "platform": {
        "php": ">=8.1"
    },
    "platform-dev": {},
    "plugin-api-version": "2.6.0"
}
